
Microsoft Visual Studio Solution File, Format Version 12.00
# Visual Studio 15
VisualStudioVersion = 15.0.28307.489
MinimumVisualStudioVersion = 10.0.40219.1
Project("{FAE04EC0-301F-11D3-BF4B-00C04F79EFBC}") = "DoubleKeyCollection", "MultipleKeyCollection\DoubleKeyCollection.csproj", "{58CA7B7A-3AF5-4B3D-998C-59C845D6EBAB}"
EndProject
Project("{FAE04EC0-301F-11D3-BF4B-00C04F79EFBC}") = "DoubleKeyCollectionTest", "MultipleKeyCollectionTest\DoubleKeyCollectionTest.csproj", "{45EDECDE-FE0B-4146-B894-50678A0139E6}"
EndProject
Global
	GlobalSection(SolutionConfigurationPlatforms) = preSolution
		Debug|Any CPU = Debug|Any CPU
		Release|Any CPU = Release|Any CPU
	EndGlobalSection
	GlobalSection(ProjectConfigurationPlatforms) = postSolution
		{58CA7B7A-3AF5-4B3D-998C-59C845D6EBAB}.Debug|Any CPU.ActiveCfg = Debug|Any CPU
		{58CA7B7A-3AF5-4B3D-998C-59C845D6EBAB}.Debug|Any CPU.Build.0 = Debug|Any CPU
		{58CA7B7A-3AF5-4B3D-998C-59C845D6EBAB}.Release|Any CPU.ActiveCfg = Release|Any CPU
		{58CA7B7A-3AF5-4B3D-998C-59C845D6EBAB}.Release|Any CPU.Build.0 = Release|Any CPU
		{45EDECDE-FE0B-4146-B894-50678A0139E6}.Debug|Any CPU.ActiveCfg = Debug|Any CPU
		{45EDECDE-FE0B-4146-B894-50678A0139E6}.Debug|Any CPU.Build.0 = Debug|Any CPU
		{45EDECDE-FE0B-4146-B894-50678A0139E6}.Release|Any CPU.ActiveCfg = Release|Any CPU
		{45EDECDE-FE0B-4146-B894-50678A0139E6}.Release|Any CPU.Build.0 = Release|Any CPU
	EndGlobalSection
	GlobalSection(SolutionProperties) = preSolution
		HideSolutionNode = FALSE
	EndGlobalSection
	GlobalSection(ExtensibilityGlobals) = postSolution
		SolutionGuid = {CE4F84F6-FCA5-4715-ABBA-6C6C08BAD579}
	EndGlobalSection
EndGlobal
